
Microsoft Visual Studio Solution File, Format Version 12.00
# Visual Studio Version 17
VisualStudioVersion = 17.13.35931.197
MinimumVisualStudioVersion = 10.0.40219.1
Project("{FAE04EC0-301F-11D3-BF4B-00C04F79EFBC}") = "Amortization", "Amortization\Amortization.csproj", "{77F2173A-6EBC-3490-9059-0BFE739C0E9E}"
EndProject
Project("{FAE04EC0-301F-11D3-BF4B-00C04F79EFBC}") = "AmortizationUI", "AmortizationUI\AmortizationUI.csproj", "{DCEFBD11-1733-55A8-B095-83FD0F8F74BD}"
EndProject
Global
	GlobalSection(SolutionConfigurationPlatforms) = preSolution
		Debug|Any CPU = Debug|Any CPU
		Release|Any CPU = Release|Any CPU
	EndGlobalSection
	GlobalSection(ProjectConfigurationPlatforms) = postSolution
		{77F2173A-6EBC-3490-9059-0BFE739C0E9E}.Debug|Any CPU.ActiveCfg = Debug|Any CPU
		{77F2173A-6EBC-3490-9059-0BFE739C0E9E}.Debug|Any CPU.Build.0 = Debug|Any CPU
		{77F2173A-6EBC-3490-9059-0BFE739C0E9E}.Release|Any CPU.ActiveCfg = Release|Any CPU
		{77F2173A-6EBC-3490-9059-0BFE739C0E9E}.Release|Any CPU.Build.0 = Release|Any CPU
		{DCEFBD11-1733-55A8-B095-83FD0F8F74BD}.Debug|Any CPU.ActiveCfg = Debug|Any CPU
		{DCEFBD11-1733-55A8-B095-83FD0F8F74BD}.Debug|Any CPU.Build.0 = Debug|Any CPU
		{DCEFBD11-1733-55A8-B095-83FD0F8F74BD}.Release|Any CPU.ActiveCfg = Release|Any CPU
		{DCEFBD11-1733-55A8-B095-83FD0F8F74BD}.Release|Any CPU.Build.0 = Release|Any CPU
	EndGlobalSection
	GlobalSection(SolutionProperties) = preSolution
		HideSolutionNode = FALSE
	EndGlobalSection
	GlobalSection(ExtensibilityGlobals) = postSolution
		SolutionGuid = {A739FF42-F438-4BC6-8072-261E1F81620B}
	EndGlobalSection
EndGlobal
